// !$*UTF8*$!
{
	archiveVersion = 1;
	classes = {
	};
	objectVersion = 50;
	objects = {

/* Begin PBXBuildFile section */
		14001E49212D0E2D00DB9361 /* main.m in Sources */ = {isa = PBXBuildFile; fileRef = 14001E48212D0E2D00DB9361 /* main.m */; };
		14001E51212D0E5400DB9361 /* Person.m in Sources */ = {isa = PBXBuildFile; fileRef = 14001E50212D0E5400DB9361 /* Person.m */; };
		14001E5A212D0EEA00DB9361 /* Person+testA.m in Sources */ = {isa = PBXBuildFile; fileRef = 14001E59212D0EEA00DB9361 /* Person+testA.m */; };
		14001E5D212D0EF400DB9361 /* Person+testB.m in Sources */ = {isa = PBXBuildFile; fileRef = 14001E5C212D0EF400DB9361 /* Person+testB.m */; };
		14001E60212D31A600DB9361 /* Son.m in Sources */ = {isa = PBXBuildFile; fileRef = 14001E5F212D31A600DB9361 /* Son.m */; };
		14787537212EC1720050C383 /* MsgSend.m in Sources */ = {isa = PBXBuildFile; fileRef = 14787536212EC1720050C383 /* MsgSend.m */; };
/* End PBXBuildFile section */

/* Begin PBXCopyFilesBuildPhase section */
		14001E43212D0E2D00DB9361 /* CopyFiles */ = {
			isa = PBXCopyFilesBuildPhase;
			buildActionMask = 2147483647;
			dstPath = /usr/share/man/man1/;
			dstSubfolderSpec = 0;
			files = (
			);
			runOnlyForDeploymentPostprocessing = 1;
		};
/* End PBXCopyFilesBuildPhase section */

/* Begin PBXFileReference section */
		14001E45212D0E2D00DB9361 /* SHPractice-Runtime */ = {isa = PBXFileReference; explicitFileType = "compiled.mach-o.executable"; includeInIndex = 0; path = "SHPractice-Runtime"; sourceTree = BUILT_PRODUCTS_DIR; };
		14001E48212D0E2D00DB9361 /* main.m */ = {isa = PBXFileReference; lastKnownFileType = sourcecode.c.objc; path = main.m; sourceTree = "<group>"; };
		14001E4F212D0E5400DB9361 /* Person.h */ = {isa = PBXFileReference; lastKnownFileType = sourcecode.c.h; path = Person.h; sourceTree = "<group>"; };
		14001E50212D0E5400DB9361 /* Person.m */ = {isa = PBXFileReference; lastKnownFileType = sourcecode.c.objc; path = Person.m; sourceTree = "<group>"; };
		14001E58212D0EEA00DB9361 /* Person+testA.h */ = {isa = PBXFileReference; lastKnownFileType = sourcecode.c.h; path = "Person+testA.h"; sourceTree = "<group>"; };
		14001E59212D0EEA00DB9361 /* Person+testA.m */ = {isa = PBXFileReference; lastKnownFileType = sourcecode.c.objc; path = "Person+testA.m"; sourceTree = "<group>"; };
		14001E5B212D0EF400DB9361 /* Person+testB.h */ = {isa = PBXFileReference; lastKnownFileType = sourcecode.c.h; path = "Person+testB.h"; sourceTree = "<group>"; };
		14001E5C212D0EF400DB9361 /* Person+testB.m */ = {isa = PBXFileReference; lastKnownFileType = sourcecode.c.objc; path = "Person+testB.m"; sourceTree = "<group>"; };
		14001E5E212D31A600DB9361 /* Son.h */ = {isa = PBXFileReference; lastKnownFileType = sourcecode.c.h; path = Son.h; sourceTree = "<group>"; };
		14001E5F212D31A600DB9361 /* Son.m */ = {isa = PBXFileReference; lastKnownFileType = sourcecode.c.objc; path = Son.m; sourceTree = "<group>"; };
		14787535212EC1720050C383 /* MsgSend.h */ = {isa = PBXFileReference; lastKnownFileType = sourcecode.c.h; path = MsgSend.h; sourceTree = "<group>"; };
		14787536212EC1720050C383 /* MsgSend.m */ = {isa = PBXFileReference; lastKnownFileType = sourcecode.c.objc; path = MsgSend.m; sourceTree = "<group>"; };
/* End PBXFileReference section */

/* Begin PBXFrameworksBuildPhase section */
		14001E42212D0E2D00DB9361 /* Frameworks */ = {
			isa = PBXFrameworksBuildPhase;
			buildActionMask = 2147483647;
			files = (
			);
			runOnlyForDeploymentPostprocessing = 0;
		};
/* End PBXFrameworksBuildPhase section */

/* Begin PBXGroup section */
		14001E3C212D0E2D00DB9361 = {
			isa = PBXGroup;
			children = (
				14001E47212D0E2D00DB9361 /* SHPractice-Runtime */,
				14001E46212D0E2D00DB9361 /* Products */,
			);
			sourceTree = "<group>";
		};
		14001E46212D0E2D00DB9361 /* Products */ = {
			isa = PBXGroup;
			children = (
				14001E45212D0E2D00DB9361 /* SHPractice-Runtime */,
			);
			name = Products;
			sourceTree = "<group>";
		};
		14001E47212D0E2D00DB9361 /* SHPractice-Runtime */ = {
			isa = PBXGroup;
			children = (
				14001E48212D0E2D00DB9361 /* main.m */,
				14001E4F212D0E5400DB9361 /* Person.h */,
				14001E50212D0E5400DB9361 /* Person.m */,
				14001E5E212D31A600DB9361 /* Son.h */,
				14001E5F212D31A600DB9361 /* Son.m */,
				14001E58212D0EEA00DB9361 /* Person+testA.h */,
				14001E59212D0EEA00DB9361 /* Person+testA.m */,
				14001E5B212D0EF400DB9361 /* Person+testB.h */,
				14001E5C212D0EF400DB9361 /* Person+testB.m */,
				14787535212EC1720050C383 /* MsgSend.h */,
				14787536212EC1720050C383 /* MsgSend.m */,
			);
			path = "SHPractice-Runtime";
			sourceTree = "<group>";
		};
/* End PBXGroup section */

/* Begin PBXNativeTarget section */
		14001E44212D0E2D00DB9361 /* SHPractice-Runtime */ = {
			isa = PBXNativeTarget;
			buildConfigurationList = 14001E4C212D0E2D00DB9361 /* Build configuration list for PBXNativeTarget "SHPractice-Runtime" */;
			buildPhases = (
				14001E41212D0E2D00DB9361 /* Sources */,
				14001E42212D0E2D00DB9361 /* Frameworks */,
				14001E43212D0E2D00DB9361 /* CopyFiles */,
			);
			buildRules = (
			);
			dependencies = (
			);
			name = "SHPractice-Runtime";
			productName = "SHPractice-Runtime";
			productReference = 14001E45212D0E2D00DB9361 /* SHPractice-Runtime */;
			productType = "com.apple.product-type.tool";
		};
/* End PBXNativeTarget section */

/* Begin PBXProject section */
		14001E3D212D0E2D00DB9361 /* Project object */ = {
			isa = PBXProject;
			attributes = {
				LastUpgradeCheck = 0940;
				ORGANIZATIONNAME = shine;
				TargetAttributes = {
					14001E44212D0E2D00DB9361 = {
						CreatedOnToolsVersion = 9.4;
					};
				};
			};
			buildConfigurationList = 14001E40212D0E2D00DB9361 /* Build configuration list for PBXProject "SHPractice-Runtime" */;
			compatibilityVersion = "Xcode 9.3";
			developmentRegion = en;
			hasScannedForEncodings = 0;
			knownRegions = (
				en,
			);
			mainGroup = 14001E3C212D0E2D00DB9361;
			productRefGroup = 14001E46212D0E2D00DB9361 /* Products */;
			projectDirPath = "";
			projectRoot = "";
			targets = (
				14001E44212D0E2D00DB9361 /* SHPractice-Runtime */,
			);
		};
/* End PBXProject section */

/* Begin PBXSourcesBuildPhase section */
		14001E41212D0E2D00DB9361 /* Sources */ = {
			isa = PBXSourcesBuildPhase;
			buildActionMask = 2147483647;
			files = (
				14001E5D212D0EF400DB9361 /* Person+testB.m in Sources */,
				14001E51212D0E5400DB9361 /* Person.m in Sources */,
				14001E60212D31A600DB9361 /* Son.m in Sources */,
				14787537212EC1720050C383 /* MsgSend.m in Sources */,
				14001E5A212D0EEA00DB9361 /* Person+testA.m in Sources */,
				14001E49212D0E2D00DB9361 /* main.m in Sources */,
			);
			runOnlyForDeploymentPostprocessing = 0;
		};
/* End PBXSourcesBuildPhase section */

/* Begin XCBuildConfiguration section */
		14001E4A212D0E2D00DB9361 /* Debug */ = {
			isa = XCBuildConfiguration;
			buildSettings = {
				ALWAYS_SEARCH_USER_PATHS = NO;
				CLANG_ANALYZER_NONNULL = YES;
				CLANG_ANALYZER_NUMBER_OBJECT_CONVERSION = YES_AGGRESSIVE;
				CLANG_CXX_LANGUAGE_STANDARD = "gnu++14";
				CLANG_CXX_LIBRARY = "libc++";
				CLANG_ENABLE_MODULES = YES;
				CLANG_ENABLE_OBJC_ARC = YES;
				CLANG_ENABLE_OBJC_WEAK = YES;
				CLANG_WARN_BLOCK_CAPTURE_AUTORELEASING = YES;
				CLANG_WARN_BOOL_CONVERSION = YES;
				CLANG_WARN_COMMA = YES;
				CLANG_WARN_CONSTANT_CONVERSION = YES;
				CLANG_WARN_DEPRECATED_OBJC_IMPLEMENTATIONS = YES;
				CLANG_WARN_DIRECT_OBJC_ISA_USAGE = YES_ERROR;
				CLANG_WARN_DOCUMENTATION_COMMENTS = YES;
				CLANG_WARN_EMPTY_BODY = YES;
				CLANG_WARN_ENUM_CONVERSION = YES;
				CLANG_WARN_INFINITE_RECURSION = YES;
				CLANG_WARN_INT_CONVERSION = YES;
				CLANG_WARN_NON_LITERAL_NULL_CONVERSION = YES;
				CLANG_WARN_OBJC_IMPLICIT_RETAIN_SELF = YES;
				CLANG_WARN_OBJC_LITERAL_CONVERSION = YES;
				CLANG_WARN_OBJC_ROOT_CLASS = YES_ERROR;
				CLANG_WARN_RANGE_LOOP_ANALYSIS = YES;
				CLANG_WARN_STRICT_PROTOTYPES = YES;
				CLANG_WARN_SUSPICIOUS_MOVE = YES;
				CLANG_WARN_UNGUARDED_AVAILABILITY = YES_AGGRESSIVE;
				CLANG_WARN_UNREACHABLE_CODE = YES;
				CLANG_WARN__DUPLICATE_METHOD_MATCH = YES;
				CODE_SIGN_IDENTITY = "Mac Developer";
				COPY_PHASE_STRIP = NO;
				DEBUG_INFORMATION_FORMAT = dwarf;
				ENABLE_STRICT_OBJC_MSGSEND = YES;
				ENABLE_TESTABILITY = YES;
				GCC_C_LANGUAGE_STANDARD = gnu11;
				GCC_DYNAMIC_NO_PIC = NO;
				GCC_NO_COMMON_BLOCKS = YES;
				GCC_OPTIMIZATION_LEVEL = 0;
				GCC_PREPROCESSOR_DEFINITIONS = (
					"DEBUG=1",
					"$(inherited)",
				);
				GCC_WARN_64_TO_32_BIT_CONVERSION = YES;
				GCC_WARN_ABOUT_RETURN_TYPE = YES_ERROR;
				GCC_WARN_UNDECLARED_SELECTOR = YES;
				GCC_WARN_UNINITIALIZED_AUTOS = YES_AGGRESSIVE;
				GCC_WARN_UNUSED_FUNCTION = YES;
				GCC_WARN_UNUSED_VARIABLE = YES;
				MACOSX_DEPLOYMENT_TARGET = 10.13;
				MTL_ENABLE_DEBUG_INFO = YES;
				ONLY_ACTIVE_ARCH = YES;
				SDKROOT = macosx;
			};
			name = Debug;
		};
		14001E4B212D0E2D00DB9361 /* Release */ = {
			isa = XCBuildConfiguration;
			buildSettings = {
				ALWAYS_SEARCH_USER_PATHS = NO;
				CLANG_ANALYZER_NONNULL = YES;
				CLANG_ANALYZER_NUMBER_OBJECT_CONVERSION = YES_AGGRESSIVE;
				CLANG_CXX_LANGUAGE_STANDARD = "gnu++14";
				CLANG_CXX_LIBRARY = "libc++";
				CLANG_ENABLE_MODULES = YES;
				CLANG_ENABLE_OBJC_ARC = YES;
				CLANG_ENABLE_OBJC_WEAK = YES;
				CLANG_WARN_BLOCK_CAPTURE_AUTORELEASING = YES;
				CLANG_WARN_BOOL_CONVERSION = YES;
				CLANG_WARN_COMMA = YES;
				CLANG_WARN_CONSTANT_CONVERSION = YES;
				CLANG_WARN_DEPRECATED_OBJC_IMPLEMENTATIONS = YES;
				CLANG_WARN_DIRECT_OBJC_ISA_USAGE = YES_ERROR;
				CLANG_WARN_DOCUMENTATION_COMMENTS = YES;
				CLANG_WARN_EMPTY_BODY = YES;
				CLANG_WARN_ENUM_CONVERSION = YES;
				CLANG_WARN_INFINITE_RECURSION = YES;
				CLANG_WARN_INT_CONVERSION = YES;
				CLANG_WARN_NON_LITERAL_NULL_CONVERSION = YES;
				CLANG_WARN_OBJC_IMPLICIT_RETAIN_SELF = YES;
				CLANG_WARN_OBJC_LITERAL_CONVERSION = YES;
				CLANG_WARN_OBJC_ROOT_CLASS = YES_ERROR;
				CLANG_WARN_RANGE_LOOP_ANALYSIS = YES;
				CLANG_WARN_STRICT_PROTOTYPES = YES;
				CLANG_WARN_SUSPICIOUS_MOVE = YES;
				CLANG_WARN_UNGUARDED_AVAILABILITY = YES_AGGRESSIVE;
				CLANG_WARN_UNREACHABLE_CODE = YES;
				CLANG_WARN__DUPLICATE_METHOD_MATCH = YES;
				CODE_SIGN_IDENTITY = "Mac Developer";
				COPY_PHASE_STRIP = NO;
				DEBUG_INFORMATION_FORMAT = "dwarf-with-dsym";
				ENABLE_NS_ASSERTIONS = NO;
				ENABLE_STRICT_OBJC_MSGSEND = YES;
				GCC_C_LANGUAGE_STANDARD = gnu11;
				GCC_NO_COMMON_BLOCKS = YES;
				GCC_WARN_64_TO_32_BIT_CONVERSION = YES;
				GCC_WARN_ABOUT_RETURN_TYPE = YES_ERROR;
				GCC_WARN_UNDECLARED_SELECTOR = YES;
				GCC_WARN_UNINITIALIZED_AUTOS = YES_AGGRESSIVE;
				GCC_WARN_UNUSED_FUNCTION = YES;
				GCC_WARN_UNUSED_VARIABLE = YES;
				MACOSX_DEPLOYMENT_TARGET = 10.13;
				MTL_ENABLE_DEBUG_INFO = NO;
				SDKROOT = macosx;
			};
			name = Release;
		};
		14001E4D212D0E2D00DB9361 /* Debug */ = {
			isa = XCBuildConfiguration;
			buildSettings = {
				CODE_SIGN_STYLE = Automatic;
				DEVELOPMENT_TEAM = YSE3H6NFMJ;
				ENABLE_STRICT_OBJC_MSGSEND = NO;
				PRODUCT_NAME = "$(TARGET_NAME)";
			};
			name = Debug;
		};
		14001E4E212D0E2D00DB9361 /* Release */ = {
			isa = XCBuildConfiguration;
			buildSettings = {
				CODE_SIGN_STYLE = Automatic;
				DEVELOPMENT_TEAM = YSE3H6NFMJ;
				ENABLE_STRICT_OBJC_MSGSEND = NO;
				PRODUCT_NAME = "$(TARGET_NAME)";
			};
			name = Release;
		};
/* End XCBuildConfiguration section */

/* Begin XCConfigurationList section */
		14001E40212D0E2D00DB9361 /* Build configuration list for PBXProject "SHPractice-Runtime" */ = {
			isa = XCConfigurationList;
			buildConfigurations = (
				14001E4A212D0E2D00DB9361 /* Debug */,
				14001E4B212D0E2D00DB9361 /* Release */,
			);
			defaultConfigurationIsVisible = 0;
			defaultConfigurationName = Release;
		};
		14001E4C212D0E2D00DB9361 /* Build configuration list for PBXNativeTarget "SHPractice-Runtime" */ = {
			isa = XCConfigurationList;
			buildConfigurations = (
				14001E4D212D0E2D00DB9361 /* Debug */,
				14001E4E212D0E2D00DB9361 /* Release */,
			);
			defaultConfigurationIsVisible = 0;
			defaultConfigurationName = Release;
		};
/* End XCConfigurationList section */
	};
	rootObject = 14001E3D212D0E2D00DB9361 /* Project object */;
}
